<?xml version="1.0" encoding="utf-8"?>
<Project ToolsVersion="4.0" xmlns="http://schemas.microsoft.com/developer/msbuild/2003">
  <ItemGroup>
    <Filter Include="Source Files">
      <UniqueIdentifier>{4FC737F1-C7A5-4376-A066-2A32D752A2FF}</UniqueIdentifier>
      <Extensions>cpp;c;cc;cxx;c++;cppm;ixx;def;odl;idl;hpj;bat;asm;asmx</Extensions>
    </Filter>
    <Filter Include="Header Files">
      <UniqueIdentifier>{93995380-89BD-4b04-88EB-625FBE52EBFB}</UniqueIdentifier>
      <Extensions>h;hh;hpp;hxx;h++;hm;inl;inc;ipp;xsd</Extensions>
    </Filter>
    <Filter Include="Resource Files">
      <UniqueIdentifier>{67DA6AB6-F800-4c08-8B7A-83BB121AAD01}</UniqueIdentifier>
      <Extensions>rc;ico;cur;bmp;dlg;rc2;rct;bin;rgs;gif;jpg;jpeg;jpe;resx;tiff;tif;png;wav;mfcribbon-ms</Extensions>
    </Filter>
    <Filter Include="Source Files\File TXT">
      <UniqueIdentifier>{c13a06d4-cd6f-4bbe-b306-a241eb6f7a44}</UniqueIdentifier>
    </Filter>
    <Filter Include="Source Files\DateFormatInfo">
      <UniqueIdentifier>{7e98cf0c-85cd-40bd-b0a9-eb4d709fb41d}</UniqueIdentifier>
    </Filter>
  </ItemGroup>
  <ItemGroup>
    <ClCompile Include="main.cpp">
      <Filter>Source Files</Filter>
    </ClCompile>
    <ClCompile Include="BirthdayGenerator.cpp">
      <Filter>Source Files</Filter>
    </ClCompile>
    <ClCompile Include="Date.cpp">
      <Filter>Source Files</Filter>
    </ClCompile>
    <ClCompile Include="EmailGenenrator.cpp">
      <Filter>Source Files</Filter>
    </ClCompile>
    <ClCompile Include="IntegerGenerator.cpp">
      <Filter>Source Files</Filter>
    </ClCompile>
    <ClCompile Include="StudentIdGenerator.cpp">
      <Filter>Source Files</Filter>
    </ClCompile>
    <ClCompile Include="String.cpp">
      <Filter>Source Files</Filter>
    </ClCompile>
    <ClCompile Include="VnFullnameGenerator.cpp">
      <Filter>Source Files</Filter>
    </ClCompile>
    <ClCompile Include="TelephonenumberGenerator.cpp">
      <Filter>Source Files</Filter>
    </ClCompile>
    <ClCompile Include="AddressGenerator.cpp">
      <Filter>Source Files</Filter>
    </ClCompile>
    <ClCompile Include="DateFormatInfo.cpp">
      <Filter>Source Files\DateFormatInfo</Filter>
    </ClCompile>
    <ClCompile Include="DateToCurrencyConverter.cpp">
      <Filter>Source Files\DateFormatInfo</Filter>
    </ClCompile>
  </ItemGroup>
  <ItemGroup>
    <ClInclude Include="BirthdayGenerator.h">
      <Filter>Header Files</Filter>
    </ClInclude>
    <ClInclude Include="Date.h">
      <Filter>Header Files</Filter>
    </ClInclude>
    <ClInclude Include="EmailGenenrator.h">
      <Filter>Header Files</Filter>
    </ClInclude>
    <ClInclude Include="IntegerGenerator.h">
      <Filter>Header Files</Filter>
    </ClInclude>
    <ClInclude Include="Major.h">
      <Filter>Header Files</Filter>
    </ClInclude>
    <ClInclude Include="StudentIdGenerator.h">
      <Filter>Header Files</Filter>
    </ClInclude>
    <ClInclude Include="String.h">
      <Filter>Header Files</Filter>
    </ClInclude>
    <ClInclude Include="VnFullnameGenerator.h">
      <Filter>Header Files</Filter>
    </ClInclude>
    <ClInclude Include="AddressGenerator.h">
      <Filter>Header Files</Filter>
    </ClInclude>
    <ClInclude Include="TelephonenumberGenerator.h">
      <Filter>Header Files</Filter>
    </ClInclude>
    <ClInclude Include="GPAGenerator.h">
      <Filter>Header Files</Filter>
    </ClInclude>
    <ClInclude Include="DateFormatInfo.h">
      <Filter>Header Files</Filter>
    </ClInclude>
    <ClInclude Include="DateToCurrencyConverter.h">
      <Filter>Header Files</Filter>
    </ClInclude>
  </ItemGroup>
  <ItemGroup>
    <Text Include="Firstname.txt">
      <Filter>Source Files\File TXT</Filter>
    </Text>
    <Text Include="Middlename.txt">
      <Filter>Source Files\File TXT</Filter>
    </Text>
    <Text Include="Lastname.txt">
      <Filter>Source Files\File TXT</Filter>
    </Text>
    <Text Include="Domain.txt">
      <Filter>Source Files\File TXT</Filter>
    </Text>
    <Text Include="HeaderNumberMobileNetwork.txt">
      <Filter>Source Files\File TXT</Filter>
    </Text>
    <Text Include="mockData.txt">
      <Filter>Source Files\File TXT</Filter>
    </Text>
  </ItemGroup>
</Project>